# This file was autogenerated by Stack.
# You should not edit this file by hand.
# For more information, please see the documentation at:
#   https://docs.haskellstack.org/en/stable/lock_files

packages:
- completed:
    hackage: gloss-1.13.2.1@sha256:273d02d30e1896932d45424dab6022a16986c0ed3eef6937776b5f40854ce51c,4075
    pantry-tree:
      sha256: 1bcac9962bad9412bfb3c3a694fcdaae7097ee4071b03fc1dc5ab6047baad01b
      size: 3807
  original:
    hackage: gloss-1.13.2.1
- completed:
    hackage: gloss-juicy-0.2.3@sha256:0c3bca95237cbf91f8b3b1936a0661f1e0457acd80502276d54d6c5210f88b25,1618
    pantry-tree:
      sha256: 914c08509bc3da4707d90e542b44833ca1a62abc83c2848f87df3d7a7a1d7e03
      size: 273
  original:
    hackage: gloss-juicy-0.2.3
- completed:
    hackage: vector-0.12.3.1@sha256:abbfe8830e13549596e1295219d340eb01bd00e1c7124d0dd16586911a291c59,8218
    pantry-tree:
      sha256: e2d21be93ff90ca042080c2ce1bad9695f78d0163dccf696e8a891a49de5691a
      size: 3842
  original:
    hackage: vector-0.12.3.1
snapshots:
- completed:
    sha256: ce4fb8d44f3c6c6032060a02e0ebb1bd29937c9a70101c1517b92a87d9515160
    size: 586110
    url: https://raw.githubusercontent.com/commercialhaskell/stackage-snapshots/master/lts/18/21.yaml
  original: lts-18.21
